
Microsoft Visual Studio Solution File, Format Version 12.00
# Visual Studio 14
VisualStudioVersion = 14.0.25420.1
MinimumVisualStudioVersion = 10.0.40219.1
Project("{FAE04EC0-301F-11D3-BF4B-00C04F79EFBC}") = "MvcMusicStore", "MvcMusicStore\MvcMusicStore.csproj", "{0BC1B6D1-02F1-458E-B21D-1121460A9010}"
EndProject
Project("{FAE04EC0-301F-11D3-BF4B-00C04F79EFBC}") = "MvcMusicStore.Model", "MvcMusicStore.Model\MvcMusicStore.Model.csproj", "{BAB6D244-5F29-4E63-9870-137DC902BC4D}"
EndProject
Global
	GlobalSection(SolutionConfigurationPlatforms) = preSolution
		Debug|Any CPU = Debug|Any CPU
		Release|Any CPU = Release|Any CPU
	EndGlobalSection
	GlobalSection(ProjectConfigurationPlatforms) = postSolution
		{0BC1B6D1-02F1-458E-B21D-1121460A9010}.Debug|Any CPU.ActiveCfg = Debug|Any CPU
		{0BC1B6D1-02F1-458E-B21D-1121460A9010}.Debug|Any CPU.Build.0 = Debug|Any CPU
		{0BC1B6D1-02F1-458E-B21D-1121460A9010}.Release|Any CPU.ActiveCfg = Release|Any CPU
		{0BC1B6D1-02F1-458E-B21D-1121460A9010}.Release|Any CPU.Build.0 = Release|Any CPU
		{BAB6D244-5F29-4E63-9870-137DC902BC4D}.Debug|Any CPU.ActiveCfg = Debug|Any CPU
		{BAB6D244-5F29-4E63-9870-137DC902BC4D}.Debug|Any CPU.Build.0 = Debug|Any CPU
		{BAB6D244-5F29-4E63-9870-137DC902BC4D}.Release|Any CPU.ActiveCfg = Release|Any CPU
		{BAB6D244-5F29-4E63-9870-137DC902BC4D}.Release|Any CPU.Build.0 = Release|Any CPU
	EndGlobalSection
	GlobalSection(SolutionProperties) = preSolution
		HideSolutionNode = FALSE
	EndGlobalSection
EndGlobal
